{
  "name": "ejson",
  "version": "1.0.0",
  "lockfileVersion": 3,
  "requires": true,
  "packages": {
    "": {
      "name": "ejson",
      "version": "1.0.0",
      "license": "ISC",
      "dependencies": {
        "fs-monkey": "^1.0.5",
        "lodash": "^4.17.21",
        "memfs": "^4.7.7",
        "underscore": "^1.13.6",
        "unionfs": "^4.5.1"
      }
    },
    "node_modules/fs-monkey": {
      "version": "1.0.5",
      "resolved": "https://registry.npmjs.org/fs-monkey/-/fs-monkey-1.0.5.tgz",
      "integrity": "sha512-8uMbBjrhzW76TYgEV27Y5E//W2f/lTFmx78P2w19FZSxarhI/798APGQyuGCwmkNxgwGRhrLfvWyLBvNtuOmew=="
    },
    "node_modules/lodash": {
      "version": "4.17.21",
      "resolved": "https://registry.npmjs.org/lodash/-/lodash-4.17.21.tgz",
      "integrity": "sha512-v2kDEe57lecTulaDIuNTPy3Ry4gLGJ6Z1O3vE1krgXZNrsQ+LFTGHVxVjcXPs17LhbZVGedAJv8XZ1tvj5FvSg=="
    },
    "node_modules/memfs": {
      "version": "4.7.7",
      "resolved": "https://registry.npmjs.org/memfs/-/memfs-4.7.7.tgz",
      "integrity": "sha512-x9qc6k88J/VVwnfTkJV8pRRswJ2156Rc4w5rciRqKceFDZ0y1MqsNL9pkg5sE0GOcDzZYbonreALhaHzg1siFw==",
      "dependencies": {
        "tslib": "^2.0.0"
      },
      "engines": {
        "node": ">= 4.0.0"
      },
      "funding": {
        "type": "github",
        "url": "https://github.com/sponsors/streamich"
      }
    },
    "node_modules/tslib": {
      "version": "2.6.2",
      "resolved": "https://registry.npmjs.org/tslib/-/tslib-2.6.2.tgz",
      "integrity": "sha512-AEYxH93jGFPn/a2iVAwW87VuUIkR1FVUKB77NwMF7nBTDkDrrT/Hpt/IrCJ0QXhW27jTBDcf5ZY7w6RiqTMw2Q=="
    },
    "node_modules/underscore": {
      "version": "1.13.6",
      "resolved": "https://registry.npmjs.org/underscore/-/underscore-1.13.6.tgz",
      "integrity": "sha512-+A5Sja4HP1M08MaXya7p5LvjuM7K6q/2EaC0+iovj/wOcMsTzMvDFbasi/oSapiwOlt252IqsKqPjCl7huKS0A=="
    },
    "node_modules/unionfs": {
      "version": "4.5.1",
      "resolved": "https://registry.npmjs.org/unionfs/-/unionfs-4.5.1.tgz",
      "integrity": "sha512-hn8pzkh0/80mpsIT/YBJKa4+BF/9pNh0IgysBi0CjL95Uok8Hus69TNfgeJckoUNwfTpBq26+F7edO1oBINaIw==",
      "dependencies": {
        "fs-monkey": "^1.0.0"
      }
    }
  }
}
